github.com/gorilla/websocket v1.5.3 h1:saDtZ6Pbx/0u+bgYQ3q96pZgCzfhKXGPqt7kZ72aNNg=
github.com/gorilla/websocket v1.5.3/go.mod h1:YR8l580nyteQvAITg2hZ9XVh4b55+EU/adAjf1fMHhE=
github.com/mattn/go-sqlite3 v1.14.22 h1:2gZY6PC6kBnID23Tichd1K+Z0oS6nE/XwU+Vz/5o4kU=
github.com/mattn/go-sqlite3 v1.14.22/go.mod h1:Uh1q+B4BYcTPb+yiD3kU8Ct7aC0hY9fxUwlHK0RXw+Y=
github.com/yurajp/confy v0.0.0-20240412104232-9e0e7d374a81 h1:GT4QvaURtjQcUlxNp4PP3Gngdo0XxMrIV7XBZblqX1A=
github.com/yurajp/confy v0.0.0-20240412104232-9e0e7d374a81/go.mod h1:QWtR9fMeZ+0INrKI1SELRAcBYvcbLN3MrbB/LtAA00Y=
