github.com/gorilla/websocket v1.5.1 h1:gmztn0JnHVt9JZquRuzLw3g4wouNVzKL15iLr/zn/QY=
github.com/gorilla/websocket v1.5.1/go.mod h1:x3kM2JMyaluk02fnUJpQuwD2dCS5NDG2ZHL0uE0tcaY=
github.com/yurajp/confy v0.0.0-20240412010429-be3832756a7e h1:3Htsz67z/+pdZoG6SlxW7OYfj0fKeDgmhImm4WXHL1w=
github.com/yurajp/confy v0.0.0-20240412010429-be3832756a7e/go.mod h1:QWtR9fMeZ+0INrKI1SELRAcBYvcbLN3MrbB/LtAA00Y=
golang.org/x/net v0.17.0 h1:pVaXccu2ozPjCXewfr1S7xza/zcXTity9cCdXQYSjIM=
golang.org/x/net v0.17.0/go.mod h1:NxSsAGuq816PNPmqtQdLE42eU2Fs7NoRIZrHJAlaCOE=
